# This file is generated by running "yarn install" inside your project.
# Manual changes might be lost - proceed with caution!

__metadata:
  version: 8
  cacheKey: 10c0

"@popperjs/core@npm:^2.11.8":
  version: 2.11.8
  resolution: "@popperjs/core@npm:2.11.8"
  checksum: 10c0/d40276694eab5e3bfc51b4e2b83089e71cb31ad8dc32e6da3b7a35e6dbf8b13af7fb6c3c91bb61d5e9b54e54e0de2a4c6b0a36cfaed9f31cb57fe6e5efa0dda37e

"bootstrap@npm:^5.3.0":
  version: 5.3.3
  resolution: "bootstrap@npm:5.3.3"
  peerDependencies:
    "@popperjs/core": ^2.11.8
  checksum: 10c0/70ef4a6e9a68b0af7c2b169aac9b45ccb315a9e01c3d825dd0f65af58c2e8ff0e2ea89e4a96e7eda6b9ad64eafdd82b18b3e9b7b0b8e9c26b2b8fe8b4d5a3e79

"app@workspace:.":
  version: 0.0.0-use.local
  resolution: "app@workspace:."
  dependencies:
    "@popperjs/core": "npm:^2.11.8"
    "bootstrap": "npm:^5.3.0"
  languageName: unknown
  linkType: soft